// !$*UTF8*$!
{
	archiveVersion = 1;
	classes = {
	};
	objectVersion = 56;
	objects = {

/* Begin PBXBuildFile section */
		F886940D29834676002420FE /* AppDelegate.swift in Sources */ = {isa = PBXBuildFile; fileRef = F886940C29834676002420FE /* AppDelegate.swift */; };
		F886940F29834676002420FE /* SceneDelegate.swift in Sources */ = {isa = PBXBuildFile; fileRef = F886940E29834676002420FE /* SceneDelegate.swift */; };
		F886941629834679002420FE /* Assets.xcassets in Resources */ = {isa = PBXBuildFile; fileRef = F886941529834679002420FE /* Assets.xcassets */; };
		F886941929834679002420FE /* LaunchScreen.storyboard in Resources */ = {isa = PBXBuildFile; fileRef = F886941729834679002420FE /* LaunchScreen.storyboard */; };
		F886942729836D06002420FE /* DashboardViewController.swift in Sources */ = {isa = PBXBuildFile; fileRef = F886942629836D06002420FE /* DashboardViewController.swift */; };
		F886942A29836DA9002420FE /* ProfileView.swift in Sources */ = {isa = PBXBuildFile; fileRef = F886942929836DA9002420FE /* ProfileView.swift */; };
		F886942C29836E34002420FE /* ProfileViewController.swift in Sources */ = {isa = PBXBuildFile; fileRef = F886942B29836E34002420FE /* ProfileViewController.swift */; };
		F886943529837163002420FE /* ProfileViewPresenter.swift in Sources */ = {isa = PBXBuildFile; fileRef = F886943429837163002420FE /* ProfileViewPresenter.swift */; };
		F88694392983717D002420FE /* ProfileViewInteractor.swift in Sources */ = {isa = PBXBuildFile; fileRef = F88694382983717D002420FE /* ProfileViewInteractor.swift */; };
		F886943B29837187002420FE /* ProfileViewProtocols.swift in Sources */ = {isa = PBXBuildFile; fileRef = F886943A29837187002420FE /* ProfileViewProtocols.swift */; };
		F886943E2983726D002420FE /* UIViewController+Ext.swift in Sources */ = {isa = PBXBuildFile; fileRef = F886943D2983726D002420FE /* UIViewController+Ext.swift */; };
		F88694412983987D002420FE /* DashboardViewController.xib in Resources */ = {isa = PBXBuildFile; fileRef = F88694402983987D002420FE /* DashboardViewController.xib */; };
		F8869443298398DC002420FE /* ProfileViewController.xib in Resources */ = {isa = PBXBuildFile; fileRef = F8869442298398DC002420FE /* ProfileViewController.xib */; };
		F88694462983A070002420FE /* UserInfoTableViewCell.swift in Sources */ = {isa = PBXBuildFile; fileRef = F88694442983A070002420FE /* UserInfoTableViewCell.swift */; };
		F88694472983A070002420FE /* UserInfoTableViewCell.xib in Resources */ = {isa = PBXBuildFile; fileRef = F88694452983A070002420FE /* UserInfoTableViewCell.xib */; };
		F886944A2983A3A4002420FE /* ProfileInfoModel.swift in Sources */ = {isa = PBXBuildFile; fileRef = F88694492983A3A3002420FE /* ProfileInfoModel.swift */; };
		F886944D2983A849002420FE /* ProfileViewController+InputTextCellDelegate.swift in Sources */ = {isa = PBXBuildFile; fileRef = F886944C2983A849002420FE /* ProfileViewController+InputTextCellDelegate.swift */; };
		F886944F2983AB17002420FE /* UserInfoResponse.swift in Sources */ = {isa = PBXBuildFile; fileRef = F886944E2983AB17002420FE /* UserInfoResponse.swift */; };
		F88694512983AB73002420FE /* PasswordResponse.swift in Sources */ = {isa = PBXBuildFile; fileRef = F88694502983AB73002420FE /* PasswordResponse.swift */; };
		F88694542983AC88002420FE /* ProfileViewBuilder.swift in Sources */ = {isa = PBXBuildFile; fileRef = F88694532983AC88002420FE /* ProfileViewBuilder.swift */; };
		F88694562983C120002420FE /* ProfileViewController+UITableView.swift in Sources */ = {isa = PBXBuildFile; fileRef = F88694552983C120002420FE /* ProfileViewController+UITableView.swift */; };
		F886945A2983C416002420FE /* APIManager.swift in Sources */ = {isa = PBXBuildFile; fileRef = F88694592983C416002420FE /* APIManager.swift */; };
		F886945D2983C4E0002420FE /* JsonParser.swift in Sources */ = {isa = PBXBuildFile; fileRef = F886945C2983C4E0002420FE /* JsonParser.swift */; };
		F88694612983C80F002420FE /* userData.json in Resources */ = {isa = PBXBuildFile; fileRef = F886945E2983C80F002420FE /* userData.json */; };
		F88694622983C80F002420FE /* userDataUpdated.json in Resources */ = {isa = PBXBuildFile; fileRef = F886945F2983C80F002420FE /* userDataUpdated.json */; };
		F88694632983C80F002420FE /* userPasswordUpdated.json in Resources */ = {isa = PBXBuildFile; fileRef = F88694602983C80F002420FE /* userPasswordUpdated.json */; };
		F88694662983C876002420FE /* APIRequest.swift in Sources */ = {isa = PBXBuildFile; fileRef = F88694652983C876002420FE /* APIRequest.swift */; };
		F886946A2983CA08002420FE /* UserInfoRequest.swift in Sources */ = {isa = PBXBuildFile; fileRef = F88694692983CA08002420FE /* UserInfoRequest.swift */; };
		F886946C2983CA12002420FE /* PasswordRequest.swift in Sources */ = {isa = PBXBuildFile; fileRef = F886946B2983CA12002420FE /* PasswordRequest.swift */; };
		F886946E2983CCD0002420FE /* MockAPIManager.swift in Sources */ = {isa = PBXBuildFile; fileRef = F886946D2983CCD0002420FE /* MockAPIManager.swift */; };
		F8869474298435F4002420FE /* ReusableInfoList.swift in Sources */ = {isa = PBXBuildFile; fileRef = F8869473298435F4002420FE /* ReusableInfoList.swift */; };
		F8869475298448FA002420FE /* ProfilePresenter.swift in Sources */ = {isa = PBXBuildFile; fileRef = F886946F298420B9002420FE /* ProfilePresenter.swift */; };
		F88694772984559E002420FE /* ReusableInputCell.swift in Sources */ = {isa = PBXBuildFile; fileRef = F88694762984559E002420FE /* ReusableInputCell.swift */; };
		F8C54EE329845C4900362E6B /* ProfileInteractor.swift in Sources */ = {isa = PBXBuildFile; fileRef = F8869471298420D7002420FE /* ProfileInteractor.swift */; };
		F8C54EE529848B9900362E6B /* LoadingView.swift in Sources */ = {isa = PBXBuildFile; fileRef = F8C54EE429848B9900362E6B /* LoadingView.swift */; };
/* End PBXBuildFile section */

/* Begin PBXFileReference section */
		F886940929834676002420FE /* codechallenge.app */ = {isa = PBXFileReference; explicitFileType = wrapper.application; includeInIndex = 0; path = codechallenge.app; sourceTree = BUILT_PRODUCTS_DIR; };
		F886940C29834676002420FE /* AppDelegate.swift */ = {isa = PBXFileReference; lastKnownFileType = sourcecode.swift; path = AppDelegate.swift; sourceTree = "<group>"; };
		F886940E29834676002420FE /* SceneDelegate.swift */ = {isa = PBXFileReference; lastKnownFileType = sourcecode.swift; path = SceneDelegate.swift; sourceTree = "<group>"; };
		F886941529834679002420FE /* Assets.xcassets */ = {isa = PBXFileReference; lastKnownFileType = folder.assetcatalog; path = Assets.xcassets; sourceTree = "<group>"; };
		F886941829834679002420FE /* Base */ = {isa = PBXFileReference; lastKnownFileType = file.storyboard; name = Base; path = Base.lproj/LaunchScreen.storyboard; sourceTree = "<group>"; };
		F886941A29834679002420FE /* Info.plist */ = {isa = PBXFileReference; lastKnownFileType = text.plist.xml; path = Info.plist; sourceTree = "<group>"; };
		F886942629836D06002420FE /* DashboardViewController.swift */ = {isa = PBXFileReference; lastKnownFileType = sourcecode.swift; path = DashboardViewController.swift; sourceTree = "<group>"; };
		F886942929836DA9002420FE /* ProfileView.swift */ = {isa = PBXFileReference; lastKnownFileType = sourcecode.swift; path = ProfileView.swift; sourceTree = "<group>"; };
		F886942B29836E34002420FE /* ProfileViewController.swift */ = {isa = PBXFileReference; lastKnownFileType = sourcecode.swift; path = ProfileViewController.swift; sourceTree = "<group>"; };
		F886943429837163002420FE /* ProfileViewPresenter.swift */ = {isa = PBXFileReference; lastKnownFileType = sourcecode.swift; path = ProfileViewPresenter.swift; sourceTree = "<group>"; };
		F88694382983717D002420FE /* ProfileViewInteractor.swift */ = {isa = PBXFileReference; lastKnownFileType = sourcecode.swift; path = ProfileViewInteractor.swift; sourceTree = "<group>"; };
		F886943A29837187002420FE /* ProfileViewProtocols.swift */ = {isa = PBXFileReference; lastKnownFileType = sourcecode.swift; path = ProfileViewProtocols.swift; sourceTree = "<group>"; };
		F886943D2983726D002420FE /* UIViewController+Ext.swift */ = {isa = PBXFileReference; lastKnownFileType = sourcecode.swift; path = "UIViewController+Ext.swift"; sourceTree = "<group>"; };
		F88694402983987D002420FE /* DashboardViewController.xib */ = {isa = PBXFileReference; lastKnownFileType = file.xib; path = DashboardViewController.xib; sourceTree = "<group>"; };
		F8869442298398DC002420FE /* ProfileViewController.xib */ = {isa = PBXFileReference; lastKnownFileType = file.xib; path = ProfileViewController.xib; sourceTree = "<group>"; };
		F88694442983A070002420FE /* UserInfoTableViewCell.swift */ = {isa = PBXFileReference; lastKnownFileType = sourcecode.swift; path = UserInfoTableViewCell.swift; sourceTree = "<group>"; };
		F88694452983A070002420FE /* UserInfoTableViewCell.xib */ = {isa = PBXFileReference; lastKnownFileType = file.xib; path = UserInfoTableViewCell.xib; sourceTree = "<group>"; };
		F88694492983A3A3002420FE /* ProfileInfoModel.swift */ = {isa = PBXFileReference; lastKnownFileType = sourcecode.swift; path = ProfileInfoModel.swift; sourceTree = "<group>"; };
		F886944C2983A849002420FE /* ProfileViewController+InputTextCellDelegate.swift */ = {isa = PBXFileReference; lastKnownFileType = sourcecode.swift; path = "ProfileViewController+InputTextCellDelegate.swift"; sourceTree = "<group>"; };
		F886944E2983AB17002420FE /* UserInfoResponse.swift */ = {isa = PBXFileReference; lastKnownFileType = sourcecode.swift; path = UserInfoResponse.swift; sourceTree = "<group>"; };
		F88694502983AB73002420FE /* PasswordResponse.swift */ = {isa = PBXFileReference; lastKnownFileType = sourcecode.swift; path = PasswordResponse.swift; sourceTree = "<group>"; };
		F88694532983AC88002420FE /* ProfileViewBuilder.swift */ = {isa = PBXFileReference; lastKnownFileType = sourcecode.swift; path = ProfileViewBuilder.swift; sourceTree = "<group>"; };
		F88694552983C120002420FE /* ProfileViewController+UITableView.swift */ = {isa = PBXFileReference; lastKnownFileType = sourcecode.swift; path = "ProfileViewController+UITableView.swift"; sourceTree = "<group>"; };
		F88694592983C416002420FE /* APIManager.swift */ = {isa = PBXFileReference; lastKnownFileType = sourcecode.swift; path = APIManager.swift; sourceTree = "<group>"; };
		F886945C2983C4E0002420FE /* JsonParser.swift */ = {isa = PBXFileReference; lastKnownFileType = sourcecode.swift; path = JsonParser.swift; sourceTree = "<group>"; };
		F886945E2983C80F002420FE /* userData.json */ = {isa = PBXFileReference; fileEncoding = 4; lastKnownFileType = text.json; path = userData.json; sourceTree = "<group>"; };
		F886945F2983C80F002420FE /* userDataUpdated.json */ = {isa = PBXFileReference; fileEncoding = 4; lastKnownFileType = text.json; path = userDataUpdated.json; sourceTree = "<group>"; };
		F88694602983C80F002420FE /* userPasswordUpdated.json */ = {isa = PBXFileReference; fileEncoding = 4; lastKnownFileType = text.json; path = userPasswordUpdated.json; sourceTree = "<group>"; };
		F88694652983C876002420FE /* APIRequest.swift */ = {isa = PBXFileReference; lastKnownFileType = sourcecode.swift; path = APIRequest.swift; sourceTree = "<group>"; };
		F88694692983CA08002420FE /* UserInfoRequest.swift */ = {isa = PBXFileReference; lastKnownFileType = sourcecode.swift; path = UserInfoRequest.swift; sourceTree = "<group>"; };
		F886946B2983CA12002420FE /* PasswordRequest.swift */ = {isa = PBXFileReference; lastKnownFileType = sourcecode.swift; path = PasswordRequest.swift; sourceTree = "<group>"; };
		F886946D2983CCD0002420FE /* MockAPIManager.swift */ = {isa = PBXFileReference; lastKnownFileType = sourcecode.swift; path = MockAPIManager.swift; sourceTree = "<group>"; };
		F886946F298420B9002420FE /* ProfilePresenter.swift */ = {isa = PBXFileReference; lastKnownFileType = sourcecode.swift; path = ProfilePresenter.swift; sourceTree = "<group>"; };
		F8869471298420D7002420FE /* ProfileInteractor.swift */ = {isa = PBXFileReference; lastKnownFileType = sourcecode.swift; path = ProfileInteractor.swift; sourceTree = "<group>"; };
		F8869473298435F4002420FE /* ReusableInfoList.swift */ = {isa = PBXFileReference; lastKnownFileType = sourcecode.swift; path = ReusableInfoList.swift; sourceTree = "<group>"; };
		F88694762984559E002420FE /* ReusableInputCell.swift */ = {isa = PBXFileReference; lastKnownFileType = sourcecode.swift; path = ReusableInputCell.swift; sourceTree = "<group>"; };
		F8C54EE429848B9900362E6B /* LoadingView.swift */ = {isa = PBXFileReference; lastKnownFileType = sourcecode.swift; path = LoadingView.swift; sourceTree = "<group>"; };
/* End PBXFileReference section */

/* Begin PBXFrameworksBuildPhase section */
		F886940629834676002420FE /* Frameworks */ = {
			isa = PBXFrameworksBuildPhase;
			buildActionMask = 2147483647;
			files = (
			);
			runOnlyForDeploymentPostprocessing = 0;
		};
/* End PBXFrameworksBuildPhase section */

/* Begin PBXGroup section */
		F886940029834676002420FE = {
			isa = PBXGroup;
			children = (
				F886940B29834676002420FE /* codechallenge */,
				F886940A29834676002420FE /* Products */,
			);
			sourceTree = "<group>";
		};
		F886940A29834676002420FE /* Products */ = {
			isa = PBXGroup;
			children = (
				F886940929834676002420FE /* codechallenge.app */,
			);
			name = Products;
			sourceTree = "<group>";
		};
		F886940B29834676002420FE /* codechallenge */ = {
			isa = PBXGroup;
			children = (
				F886943C2983725B002420FE /* Utilities */,
				F88694572983C3F3002420FE /* API */,
				F886942129834889002420FE /* Module */,
				F886942029834883002420FE /* Resources */,
				F886940C29834676002420FE /* AppDelegate.swift */,
				F886940E29834676002420FE /* SceneDelegate.swift */,
				F886941729834679002420FE /* LaunchScreen.storyboard */,
				F886941A29834679002420FE /* Info.plist */,
			);
			path = codechallenge;
			sourceTree = "<group>";
		};
		F886942029834883002420FE /* Resources */ = {
			isa = PBXGroup;
			children = (
				F88694222983490C002420FE /* Assets */,
			);
			path = Resources;
			sourceTree = "<group>";
		};
		F886942129834889002420FE /* Module */ = {
			isa = PBXGroup;
			children = (
				F886943129837098002420FE /* DashboardModule */,
				F886943029837086002420FE /* ProfileModule */,
			);
			path = Module;
			sourceTree = "<group>";
		};
		F88694222983490C002420FE /* Assets */ = {
			isa = PBXGroup;
			children = (
				F886941529834679002420FE /* Assets.xcassets */,
			);
			path = Assets;
			sourceTree = "<group>";
		};
		F886942329834916002420FE /* Jsons */ = {
			isa = PBXGroup;
			children = (
				F886945E2983C80F002420FE /* userData.json */,
				F886945F2983C80F002420FE /* userDataUpdated.json */,
				F88694602983C80F002420FE /* userPasswordUpdated.json */,
			);
			path = Jsons;
			sourceTree = "<group>";
		};
		F886942429836CDD002420FE /* View */ = {
			isa = PBXGroup;
			children = (
				F886942829836D95002420FE /* SwiftUI */,
				F886942529836CE2002420FE /* UIKit */,
			);
			path = View;
			sourceTree = "<group>";
		};
		F886942529836CE2002420FE /* UIKit */ = {
			isa = PBXGroup;
			children = (
				F886943F298372EF002420FE /* Cells */,
				F886944B2983A839002420FE /* Extensions */,
				F886942B29836E34002420FE /* ProfileViewController.swift */,
				F8869442298398DC002420FE /* ProfileViewController.xib */,
			);
			path = UIKit;
			sourceTree = "<group>";
		};
		F886942829836D95002420FE /* SwiftUI */ = {
			isa = PBXGroup;
			children = (
				F8869478298458EA002420FE /* List */,
				F886942929836DA9002420FE /* ProfileView.swift */,
				F8C54EE429848B9900362E6B /* LoadingView.swift */,
			);
			path = SwiftUI;
			sourceTree = "<group>";
		};
		F886942D2983706E002420FE /* Presenter */ = {
			isa = PBXGroup;
			children = (
				F886943429837163002420FE /* ProfileViewPresenter.swift */,
				F886946F298420B9002420FE /* ProfilePresenter.swift */,
			);
			path = Presenter;
			sourceTree = "<group>";
		};
		F886942E29837074002420FE /* Interactor */ = {
			isa = PBXGroup;
			children = (
				F88694382983717D002420FE /* ProfileViewInteractor.swift */,
				F8869471298420D7002420FE /* ProfileInteractor.swift */,
			);
			path = Interactor;
			sourceTree = "<group>";
		};
		F886942F2983707D002420FE /* Router */ = {
			isa = PBXGroup;
			children = (
			);
			path = Router;
			sourceTree = "<group>";
		};
		F886943029837086002420FE /* ProfileModule */ = {
			isa = PBXGroup;
			children = (
				F88694522983AC6E002420FE /* Builder */,
				F88694482983A35B002420FE /* Entity */,
				F886943329837125002420FE /* Protocols */,
				F886942F2983707D002420FE /* Router */,
				F886942E29837074002420FE /* Interactor */,
				F886942D2983706E002420FE /* Presenter */,
				F886942429836CDD002420FE /* View */,
			);
			path = ProfileModule;
			sourceTree = "<group>";
		};
		F886943129837098002420FE /* DashboardModule */ = {
			isa = PBXGroup;
			children = (
				F8869432298370A9002420FE /* View */,
			);
			path = DashboardModule;
			sourceTree = "<group>";
		};
		F8869432298370A9002420FE /* View */ = {
			isa = PBXGroup;
			children = (
				F886942629836D06002420FE /* DashboardViewController.swift */,
				F88694402983987D002420FE /* DashboardViewController.xib */,
			);
			path = View;
			sourceTree = "<group>";
		};
		F886943329837125002420FE /* Protocols */ = {
			isa = PBXGroup;
			children = (
				F886943A29837187002420FE /* ProfileViewProtocols.swift */,
			);
			path = Protocols;
			sourceTree = "<group>";
		};
		F886943C2983725B002420FE /* Utilities */ = {
			isa = PBXGroup;
			children = (
				F886943D2983726D002420FE /* UIViewController+Ext.swift */,
			);
			path = Utilities;
			sourceTree = "<group>";
		};
		F886943F298372EF002420FE /* Cells */ = {
			isa = PBXGroup;
			children = (
				F88694442983A070002420FE /* UserInfoTableViewCell.swift */,
				F88694452983A070002420FE /* UserInfoTableViewCell.xib */,
			);
			path = Cells;
			sourceTree = "<group>";
		};
		F88694482983A35B002420FE /* Entity */ = {
			isa = PBXGroup;
			children = (
				F88694492983A3A3002420FE /* ProfileInfoModel.swift */,
			);
			path = Entity;
			sourceTree = "<group>";
		};
		F886944B2983A839002420FE /* Extensions */ = {
			isa = PBXGroup;
			children = (
				F886944C2983A849002420FE /* ProfileViewController+InputTextCellDelegate.swift */,
				F88694552983C120002420FE /* ProfileViewController+UITableView.swift */,
			);
			path = Extensions;
			sourceTree = "<group>";
		};
		F88694522983AC6E002420FE /* Builder */ = {
			isa = PBXGroup;
			children = (
				F88694532983AC88002420FE /* ProfileViewBuilder.swift */,
			);
			path = Builder;
			sourceTree = "<group>";
		};
		F88694572983C3F3002420FE /* API */ = {
			isa = PBXGroup;
			children = (
				F88694672983C968002420FE /* Models */,
				F886942329834916002420FE /* Jsons */,
				F88694682983C9F2002420FE /* Requests */,
				F88694642983C84C002420FE /* APIRequest */,
				F886945B2983C4CB002420FE /* Parser */,
				F88694582983C402002420FE /* Manager */,
			);
			path = API;
			sourceTree = "<group>";
		};
		F88694582983C402002420FE /* Manager */ = {
			isa = PBXGroup;
			children = (
				F88694592983C416002420FE /* APIManager.swift */,
				F886946D2983CCD0002420FE /* MockAPIManager.swift */,
			);
			path = Manager;
			sourceTree = "<group>";
		};
		F886945B2983C4CB002420FE /* Parser */ = {
			isa = PBXGroup;
			children = (
				F886945C2983C4E0002420FE /* JsonParser.swift */,
			);
			path = Parser;
			sourceTree = "<group>";
		};
		F88694642983C84C002420FE /* APIRequest */ = {
			isa = PBXGroup;
			children = (
				F88694652983C876002420FE /* APIRequest.swift */,
			);
			path = APIRequest;
			sourceTree = "<group>";
		};
		F88694672983C968002420FE /* Models */ = {
			isa = PBXGroup;
			children = (
				F886944E2983AB17002420FE /* UserInfoResponse.swift */,
				F88694502983AB73002420FE /* PasswordResponse.swift */,
			);
			path = Models;
			sourceTree = "<group>";
		};
		F88694682983C9F2002420FE /* Requests */ = {
			isa = PBXGroup;
			children = (
				F88694692983CA08002420FE /* UserInfoRequest.swift */,
				F886946B2983CA12002420FE /* PasswordRequest.swift */,
			);
			path = Requests;
			sourceTree = "<group>";
		};
		F8869478298458EA002420FE /* List */ = {
			isa = PBXGroup;
			children = (
				F8869473298435F4002420FE /* ReusableInfoList.swift */,
				F88694762984559E002420FE /* ReusableInputCell.swift */,
			);
			path = List;
			sourceTree = "<group>";
		};
/* End PBXGroup section */

/* Begin PBXNativeTarget section */
		F886940829834676002420FE /* codechallenge */ = {
			isa = PBXNativeTarget;
			buildConfigurationList = F886941D29834679002420FE /* Build configuration list for PBXNativeTarget "codechallenge" */;
			buildPhases = (
				F886940529834676002420FE /* Sources */,
				F886940629834676002420FE /* Frameworks */,
				F886940729834676002420FE /* Resources */,
			);
			buildRules = (
			);
			dependencies = (
			);
			name = codechallenge;
			productName = codechallenge;
			productReference = F886940929834676002420FE /* codechallenge.app */;
			productType = "com.apple.product-type.application";
		};
/* End PBXNativeTarget section */

/* Begin PBXProject section */
		F886940129834676002420FE /* Project object */ = {
			isa = PBXProject;
			attributes = {
				BuildIndependentTargetsInParallel = 1;
				LastSwiftUpdateCheck = 1410;
				LastUpgradeCheck = 1410;
				TargetAttributes = {
					F886940829834676002420FE = {
						CreatedOnToolsVersion = 14.1;
					};
				};
			};
			buildConfigurationList = F886940429834676002420FE /* Build configuration list for PBXProject "codechallenge" */;
			compatibilityVersion = "Xcode 14.0";
			developmentRegion = en;
			hasScannedForEncodings = 0;
			knownRegions = (
				en,
				Base,
			);
			mainGroup = F886940029834676002420FE;
			productRefGroup = F886940A29834676002420FE /* Products */;
			projectDirPath = "";
			projectRoot = "";
			targets = (
				F886940829834676002420FE /* codechallenge */,
			);
		};
/* End PBXProject section */

/* Begin PBXResourcesBuildPhase section */
		F886940729834676002420FE /* Resources */ = {
			isa = PBXResourcesBuildPhase;
			buildActionMask = 2147483647;
			files = (
				F88694472983A070002420FE /* UserInfoTableViewCell.xib in Resources */,
				F88694632983C80F002420FE /* userPasswordUpdated.json in Resources */,
				F886941929834679002420FE /* LaunchScreen.storyboard in Resources */,
				F886941629834679002420FE /* Assets.xcassets in Resources */,
				F8869443298398DC002420FE /* ProfileViewController.xib in Resources */,
				F88694622983C80F002420FE /* userDataUpdated.json in Resources */,
				F88694612983C80F002420FE /* userData.json in Resources */,
				F88694412983987D002420FE /* DashboardViewController.xib in Resources */,
			);
			runOnlyForDeploymentPostprocessing = 0;
		};
/* End PBXResourcesBuildPhase section */

/* Begin PBXSourcesBuildPhase section */
		F886940529834676002420FE /* Sources */ = {
			isa = PBXSourcesBuildPhase;
			buildActionMask = 2147483647;
			files = (
				F886946A2983CA08002420FE /* UserInfoRequest.swift in Sources */,
				F88694462983A070002420FE /* UserInfoTableViewCell.swift in Sources */,
				F8869475298448FA002420FE /* ProfilePresenter.swift in Sources */,
				F886946E2983CCD0002420FE /* MockAPIManager.swift in Sources */,
				F88694392983717D002420FE /* ProfileViewInteractor.swift in Sources */,
				F88694512983AB73002420FE /* PasswordResponse.swift in Sources */,
				F886942A29836DA9002420FE /* ProfileView.swift in Sources */,
				F88694772984559E002420FE /* ReusableInputCell.swift in Sources */,
				F8C54EE529848B9900362E6B /* LoadingView.swift in Sources */,
				F886944A2983A3A4002420FE /* ProfileInfoModel.swift in Sources */,
				F886944F2983AB17002420FE /* UserInfoResponse.swift in Sources */,
				F8C54EE329845C4900362E6B /* ProfileInteractor.swift in Sources */,
				F88694662983C876002420FE /* APIRequest.swift in Sources */,
				F886943529837163002420FE /* ProfileViewPresenter.swift in Sources */,
				F88694562983C120002420FE /* ProfileViewController+UITableView.swift in Sources */,
				F8869474298435F4002420FE /* ReusableInfoList.swift in Sources */,
				F886945D2983C4E0002420FE /* JsonParser.swift in Sources */,
				F886940D29834676002420FE /* AppDelegate.swift in Sources */,
				F88694542983AC88002420FE /* ProfileViewBuilder.swift in Sources */,
				F886942C29836E34002420FE /* ProfileViewController.swift in Sources */,
				F886944D2983A849002420FE /* ProfileViewController+InputTextCellDelegate.swift in Sources */,
				F886945A2983C416002420FE /* APIManager.swift in Sources */,
				F886943E2983726D002420FE /* UIViewController+Ext.swift in Sources */,
				F886940F29834676002420FE /* SceneDelegate.swift in Sources */,
				F886946C2983CA12002420FE /* PasswordRequest.swift in Sources */,
				F886943B29837187002420FE /* ProfileViewProtocols.swift in Sources */,
				F886942729836D06002420FE /* DashboardViewController.swift in Sources */,
			);
			runOnlyForDeploymentPostprocessing = 0;
		};
/* End PBXSourcesBuildPhase section */

/* Begin PBXVariantGroup section */
		F886941729834679002420FE /* LaunchScreen.storyboard */ = {
			isa = PBXVariantGroup;
			children = (
				F886941829834679002420FE /* Base */,
			);
			name = LaunchScreen.storyboard;
			sourceTree = "<group>";
		};
/* End PBXVariantGroup section */

/* Begin XCBuildConfiguration section */
		F886941B29834679002420FE /* Debug */ = {
			isa = XCBuildConfiguration;
			buildSettings = {
				ALWAYS_SEARCH_USER_PATHS = NO;
				CLANG_ANALYZER_NONNULL = YES;
				CLANG_ANALYZER_NUMBER_OBJECT_CONVERSION = YES_AGGRESSIVE;
				CLANG_CXX_LANGUAGE_STANDARD = "gnu++20";
				CLANG_ENABLE_MODULES = YES;
				CLANG_ENABLE_OBJC_ARC = YES;
				CLANG_ENABLE_OBJC_WEAK = YES;
				CLANG_WARN_BLOCK_CAPTURE_AUTORELEASING = YES;
				CLANG_WARN_BOOL_CONVERSION = YES;
				CLANG_WARN_COMMA = YES;
				CLANG_WARN_CONSTANT_CONVERSION = YES;
				CLANG_WARN_DEPRECATED_OBJC_IMPLEMENTATIONS = YES;
				CLANG_WARN_DIRECT_OBJC_ISA_USAGE = YES_ERROR;
				CLANG_WARN_DOCUMENTATION_COMMENTS = YES;
				CLANG_WARN_EMPTY_BODY = YES;
				CLANG_WARN_ENUM_CONVERSION = YES;
				CLANG_WARN_INFINITE_RECURSION = YES;
				CLANG_WARN_INT_CONVERSION = YES;
				CLANG_WARN_NON_LITERAL_NULL_CONVERSION = YES;
				CLANG_WARN_OBJC_IMPLICIT_RETAIN_SELF = YES;
				CLANG_WARN_OBJC_LITERAL_CONVERSION = YES;
				CLANG_WARN_OBJC_ROOT_CLASS = YES_ERROR;
				CLANG_WARN_QUOTED_INCLUDE_IN_FRAMEWORK_HEADER = YES;
				CLANG_WARN_RANGE_LOOP_ANALYSIS = YES;
				CLANG_WARN_STRICT_PROTOTYPES = YES;
				CLANG_WARN_SUSPICIOUS_MOVE = YES;
				CLANG_WARN_UNGUARDED_AVAILABILITY = YES_AGGRESSIVE;
				CLANG_WARN_UNREACHABLE_CODE = YES;
				CLANG_WARN__DUPLICATE_METHOD_MATCH = YES;
				COPY_PHASE_STRIP = NO;
				DEBUG_INFORMATION_FORMAT = dwarf;
				ENABLE_STRICT_OBJC_MSGSEND = YES;
				ENABLE_TESTABILITY = YES;
				GCC_C_LANGUAGE_STANDARD = gnu11;
				GCC_DYNAMIC_NO_PIC = NO;
				GCC_NO_COMMON_BLOCKS = YES;
				GCC_OPTIMIZATION_LEVEL = 0;
				GCC_PREPROCESSOR_DEFINITIONS = (
					"DEBUG=1",
					"$(inherited)",
				);
				GCC_WARN_64_TO_32_BIT_CONVERSION = YES;
				GCC_WARN_ABOUT_RETURN_TYPE = YES_ERROR;
				GCC_WARN_UNDECLARED_SELECTOR = YES;
				GCC_WARN_UNINITIALIZED_AUTOS = YES_AGGRESSIVE;
				GCC_WARN_UNUSED_FUNCTION = YES;
				GCC_WARN_UNUSED_VARIABLE = YES;
				IPHONEOS_DEPLOYMENT_TARGET = 16.0;
				MTL_ENABLE_DEBUG_INFO = INCLUDE_SOURCE;
				MTL_FAST_MATH = YES;
				ONLY_ACTIVE_ARCH = YES;
				SDKROOT = iphoneos;
				SWIFT_ACTIVE_COMPILATION_CONDITIONS = DEBUG;
				SWIFT_OPTIMIZATION_LEVEL = "-Onone";
			};
			name = Debug;
		};
		F886941C29834679002420FE /* Release */ = {
			isa = XCBuildConfiguration;
			buildSettings = {
				ALWAYS_SEARCH_USER_PATHS = NO;
				CLANG_ANALYZER_NONNULL = YES;
				CLANG_ANALYZER_NUMBER_OBJECT_CONVERSION = YES_AGGRESSIVE;
				CLANG_CXX_LANGUAGE_STANDARD = "gnu++20";
				CLANG_ENABLE_MODULES = YES;
				CLANG_ENABLE_OBJC_ARC = YES;
				CLANG_ENABLE_OBJC_WEAK = YES;
				CLANG_WARN_BLOCK_CAPTURE_AUTORELEASING = YES;
				CLANG_WARN_BOOL_CONVERSION = YES;
				CLANG_WARN_COMMA = YES;
				CLANG_WARN_CONSTANT_CONVERSION = YES;
				CLANG_WARN_DEPRECATED_OBJC_IMPLEMENTATIONS = YES;
				CLANG_WARN_DIRECT_OBJC_ISA_USAGE = YES_ERROR;
				CLANG_WARN_DOCUMENTATION_COMMENTS = YES;
				CLANG_WARN_EMPTY_BODY = YES;
				CLANG_WARN_ENUM_CONVERSION = YES;
				CLANG_WARN_INFINITE_RECURSION = YES;
				CLANG_WARN_INT_CONVERSION = YES;
				CLANG_WARN_NON_LITERAL_NULL_CONVERSION = YES;
				CLANG_WARN_OBJC_IMPLICIT_RETAIN_SELF = YES;
				CLANG_WARN_OBJC_LITERAL_CONVERSION = YES;
				CLANG_WARN_OBJC_ROOT_CLASS = YES_ERROR;
				CLANG_WARN_QUOTED_INCLUDE_IN_FRAMEWORK_HEADER = YES;
				CLANG_WARN_RANGE_LOOP_ANALYSIS = YES;
				CLANG_WARN_STRICT_PROTOTYPES = YES;
				CLANG_WARN_SUSPICIOUS_MOVE = YES;
				CLANG_WARN_UNGUARDED_AVAILABILITY = YES_AGGRESSIVE;
				CLANG_WARN_UNREACHABLE_CODE = YES;
				CLANG_WARN__DUPLICATE_METHOD_MATCH = YES;
				COPY_PHASE_STRIP = NO;
				DEBUG_INFORMATION_FORMAT = "dwarf-with-dsym";
				ENABLE_NS_ASSERTIONS = NO;
				ENABLE_STRICT_OBJC_MSGSEND = YES;
				GCC_C_LANGUAGE_STANDARD = gnu11;
				GCC_NO_COMMON_BLOCKS = YES;
				GCC_WARN_64_TO_32_BIT_CONVERSION = YES;
				GCC_WARN_ABOUT_RETURN_TYPE = YES_ERROR;
				GCC_WARN_UNDECLARED_SELECTOR = YES;
				GCC_WARN_UNINITIALIZED_AUTOS = YES_AGGRESSIVE;
				GCC_WARN_UNUSED_FUNCTION = YES;
				GCC_WARN_UNUSED_VARIABLE = YES;
				IPHONEOS_DEPLOYMENT_TARGET = 16.0;
				MTL_ENABLE_DEBUG_INFO = NO;
				MTL_FAST_MATH = YES;
				SDKROOT = iphoneos;
				SWIFT_COMPILATION_MODE = wholemodule;
				SWIFT_OPTIMIZATION_LEVEL = "-O";
				VALIDATE_PRODUCT = YES;
			};
			name = Release;
		};
		F886941E29834679002420FE /* Debug */ = {
			isa = XCBuildConfiguration;
			buildSettings = {
				ASSETCATALOG_COMPILER_APPICON_NAME = AppIcon;
				ASSETCATALOG_COMPILER_GLOBAL_ACCENT_COLOR_NAME = AccentColor;
				CODE_SIGN_STYLE = Automatic;
				CURRENT_PROJECT_VERSION = 1;
				DEVELOPMENT_TEAM = EKTL473TZ9;
				GENERATE_INFOPLIST_FILE = YES;
				INFOPLIST_FILE = codechallenge/Info.plist;
				INFOPLIST_KEY_CFBundleDisplayName = Challenge;
				INFOPLIST_KEY_UIApplicationSupportsIndirectInputEvents = YES;
				INFOPLIST_KEY_UILaunchStoryboardName = LaunchScreen;
				INFOPLIST_KEY_UISupportedInterfaceOrientations = "UIInterfaceOrientationPortrait UIInterfaceOrientationPortraitUpsideDown";
				INFOPLIST_KEY_UISupportedInterfaceOrientations_iPad = "UIInterfaceOrientationLandscapeLeft UIInterfaceOrientationLandscapeRight UIInterfaceOrientationPortrait UIInterfaceOrientationPortraitUpsideDown";
				LD_RUNPATH_SEARCH_PATHS = (
					"$(inherited)",
					"@executable_path/Frameworks",
				);
				MARKETING_VERSION = 1.0;
				PRODUCT_BUNDLE_IDENTIFIER = com.challenge.codechallege;
				PRODUCT_NAME = "$(TARGET_NAME)";
				SUPPORTED_PLATFORMS = "iphoneos iphonesimulator";
				SUPPORTS_MACCATALYST = NO;
				SUPPORTS_MAC_DESIGNED_FOR_IPHONE_IPAD = YES;
				SWIFT_EMIT_LOC_STRINGS = YES;
				SWIFT_VERSION = 5.0;
				TARGETED_DEVICE_FAMILY = 1;
			};
			name = Debug;
		};
		F886941F29834679002420FE /* Release */ = {
			isa = XCBuildConfiguration;
			buildSettings = {
				ASSETCATALOG_COMPILER_APPICON_NAME = AppIcon;
				ASSETCATALOG_COMPILER_GLOBAL_ACCENT_COLOR_NAME = AccentColor;
				CODE_SIGN_STYLE = Automatic;
				CURRENT_PROJECT_VERSION = 1;
				DEVELOPMENT_TEAM = EKTL473TZ9;
				GENERATE_INFOPLIST_FILE = YES;
				INFOPLIST_FILE = codechallenge/Info.plist;
				INFOPLIST_KEY_CFBundleDisplayName = Challenge;
				INFOPLIST_KEY_UIApplicationSupportsIndirectInputEvents = YES;
				INFOPLIST_KEY_UILaunchStoryboardName = LaunchScreen;
				INFOPLIST_KEY_UISupportedInterfaceOrientations = "UIInterfaceOrientationPortrait UIInterfaceOrientationPortraitUpsideDown";
				INFOPLIST_KEY_UISupportedInterfaceOrientations_iPad = "UIInterfaceOrientationLandscapeLeft UIInterfaceOrientationLandscapeRight UIInterfaceOrientationPortrait UIInterfaceOrientationPortraitUpsideDown";
				LD_RUNPATH_SEARCH_PATHS = (
					"$(inherited)",
					"@executable_path/Frameworks",
				);
				MARKETING_VERSION = 1.0;
				PRODUCT_BUNDLE_IDENTIFIER = com.challenge.codechallege;
				PRODUCT_NAME = "$(TARGET_NAME)";
				SUPPORTED_PLATFORMS = "iphoneos iphonesimulator";
				SUPPORTS_MACCATALYST = NO;
				SUPPORTS_MAC_DESIGNED_FOR_IPHONE_IPAD = YES;
				SWIFT_EMIT_LOC_STRINGS = YES;
				SWIFT_VERSION = 5.0;
				TARGETED_DEVICE_FAMILY = 1;
			};
			name = Release;
		};
/* End XCBuildConfiguration section */

/* Begin XCConfigurationList section */
		F886940429834676002420FE /* Build configuration list for PBXProject "codechallenge" */ = {
			isa = XCConfigurationList;
			buildConfigurations = (
				F886941B29834679002420FE /* Debug */,
				F886941C29834679002420FE /* Release */,
			);
			defaultConfigurationIsVisible = 0;
			defaultConfigurationName = Release;
		};
		F886941D29834679002420FE /* Build configuration list for PBXNativeTarget "codechallenge" */ = {
			isa = XCConfigurationList;
			buildConfigurations = (
				F886941E29834679002420FE /* Debug */,
				F886941F29834679002420FE /* Release */,
			);
			defaultConfigurationIsVisible = 0;
			defaultConfigurationName = Release;
		};
/* End XCConfigurationList section */
	};
	rootObject = F886940129834676002420FE /* Project object */;
}
